
Microsoft Visual Studio Solution File, Format Version 12.00
# Visual Studio 15
VisualStudioVersion = 15.0.26430.13
MinimumVisualStudioVersion = 10.0.40219.1
Project("{FAE04EC0-301F-11D3-BF4B-00C04F79EFBC}") = "E2_Transporte", "E2_Transporte\E2_Transporte.csproj", "{B1C23883-37AD-4DD2-B895-ADCDA4750BFE}"
EndProject
Project("{54435603-DBB4-11D2-8724-00A0C9A8B90C}") = "Instalacion", "Instalacion\Instalacion.vdproj", "{64A8B123-F998-48EA-B4F1-170F07C61CA2}"
EndProject
Global
	GlobalSection(SolutionConfigurationPlatforms) = preSolution
		Debug|Any CPU = Debug|Any CPU
		Release|Any CPU = Release|Any CPU
	EndGlobalSection
	GlobalSection(ProjectConfigurationPlatforms) = postSolution
		{B1C23883-37AD-4DD2-B895-ADCDA4750BFE}.Debug|Any CPU.ActiveCfg = Debug|Any CPU
		{B1C23883-37AD-4DD2-B895-ADCDA4750BFE}.Debug|Any CPU.Build.0 = Debug|Any CPU
		{B1C23883-37AD-4DD2-B895-ADCDA4750BFE}.Release|Any CPU.ActiveCfg = Release|Any CPU
		{B1C23883-37AD-4DD2-B895-ADCDA4750BFE}.Release|Any CPU.Build.0 = Release|Any CPU
		{64A8B123-F998-48EA-B4F1-170F07C61CA2}.Debug|Any CPU.ActiveCfg = Debug
		{64A8B123-F998-48EA-B4F1-170F07C61CA2}.Debug|Any CPU.Build.0 = Debug
		{64A8B123-F998-48EA-B4F1-170F07C61CA2}.Release|Any CPU.ActiveCfg = Release
		{64A8B123-F998-48EA-B4F1-170F07C61CA2}.Release|Any CPU.Build.0 = Release
	EndGlobalSection
	GlobalSection(SolutionProperties) = preSolution
		HideSolutionNode = FALSE
	EndGlobalSection
	GlobalSection(ExtensibilityGlobals) = postSolution
		SolutionGuid = {2D60622B-5338-408A-B7E3-BA2EE6539E83}
	EndGlobalSection
EndGlobal
