
Microsoft Visual Studio Solution File, Format Version 12.00
# Visual Studio 15
VisualStudioVersion = 15.0.28307.1433
MinimumVisualStudioVersion = 10.0.40219.1
Project("{FAE04EC0-301F-11D3-BF4B-00C04F79EFBC}") = "ProcesadorDeTexto", "ProcesadorDeTexto\ProcesadorDeTexto.csproj", "{8F163D09-C914-4CA2-9527-66F7117C9D65}"
EndProject
Global
	GlobalSection(SolutionConfigurationPlatforms) = preSolution
		Debug|Any CPU = Debug|Any CPU
		Release|Any CPU = Release|Any CPU
	EndGlobalSection
	GlobalSection(ProjectConfigurationPlatforms) = postSolution
		{8F163D09-C914-4CA2-9527-66F7117C9D65}.Debug|Any CPU.ActiveCfg = Debug|Any CPU
		{8F163D09-C914-4CA2-9527-66F7117C9D65}.Debug|Any CPU.Build.0 = Debug|Any CPU
		{8F163D09-C914-4CA2-9527-66F7117C9D65}.Release|Any CPU.ActiveCfg = Release|Any CPU
		{8F163D09-C914-4CA2-9527-66F7117C9D65}.Release|Any CPU.Build.0 = Release|Any CPU
	EndGlobalSection
	GlobalSection(SolutionProperties) = preSolution
		HideSolutionNode = FALSE
	EndGlobalSection
	GlobalSection(ExtensibilityGlobals) = postSolution
		SolutionGuid = {982E0949-4418-4ED9-AC83-5CC3F322E08B}
	EndGlobalSection
EndGlobal
